
Microsoft Visual Studio Solution File, Format Version 12.00
# Visual Studio Version 17
VisualStudioVersion = 17.14.36429.23
MinimumVisualStudioVersion = 10.0.40219.1
Project("{FAE04EC0-301F-11D3-BF4B-00C04F79EFBC}") = "FoodOrder.Api", "FoodOrder.Api\FoodOrder.Api.csproj", "{29537915-AB52-40C7-B87D-5449D26E12A5}"
EndProject
Project("{FAE04EC0-301F-11D3-BF4B-00C04F79EFBC}") = "FoodOrder.Api.IntegrationTests", "FoodOrder.Api.IntegrationTests\FoodOrder.Api.IntegrationTests.csproj", "{AE06395C-CEF3-47CC-A446-71A45ACF721E}"
EndProject
Project("{E53339B2-1760-4266-BCC7-CA923CBCF16C}") = "docker-compose", "docker-compose.dcproj", "{81DDED9D-158B-E303-5F62-77A2896D2A5A}"
EndProject
Global
	GlobalSection(SolutionConfigurationPlatforms) = preSolution
		Debug|Any CPU = Debug|Any CPU
		Release|Any CPU = Release|Any CPU
	EndGlobalSection
	GlobalSection(ProjectConfigurationPlatforms) = postSolution
		{29537915-AB52-40C7-B87D-5449D26E12A5}.Debug|Any CPU.ActiveCfg = Debug|Any CPU
		{29537915-AB52-40C7-B87D-5449D26E12A5}.Debug|Any CPU.Build.0 = Debug|Any CPU
		{29537915-AB52-40C7-B87D-5449D26E12A5}.Release|Any CPU.ActiveCfg = Release|Any CPU
		{29537915-AB52-40C7-B87D-5449D26E12A5}.Release|Any CPU.Build.0 = Release|Any CPU
		{AE06395C-CEF3-47CC-A446-71A45ACF721E}.Debug|Any CPU.ActiveCfg = Debug|Any CPU
		{AE06395C-CEF3-47CC-A446-71A45ACF721E}.Debug|Any CPU.Build.0 = Debug|Any CPU
		{AE06395C-CEF3-47CC-A446-71A45ACF721E}.Release|Any CPU.ActiveCfg = Release|Any CPU
		{AE06395C-CEF3-47CC-A446-71A45ACF721E}.Release|Any CPU.Build.0 = Release|Any CPU
		{81DDED9D-158B-E303-5F62-77A2896D2A5A}.Debug|Any CPU.ActiveCfg = Debug|Any CPU
		{81DDED9D-158B-E303-5F62-77A2896D2A5A}.Debug|Any CPU.Build.0 = Debug|Any CPU
		{81DDED9D-158B-E303-5F62-77A2896D2A5A}.Release|Any CPU.ActiveCfg = Release|Any CPU
		{81DDED9D-158B-E303-5F62-77A2896D2A5A}.Release|Any CPU.Build.0 = Release|Any CPU
	EndGlobalSection
	GlobalSection(SolutionProperties) = preSolution
		HideSolutionNode = FALSE
	EndGlobalSection
	GlobalSection(ExtensibilityGlobals) = postSolution
		SolutionGuid = {A958ADF3-31AE-4294-8F63-0B922F5C73C2}
	EndGlobalSection
EndGlobal
